
Microsoft Visual Studio Solution File, Format Version 12.00
# Visual Studio 15
VisualStudioVersion = 15.0.27130.2010
MinimumVisualStudioVersion = 10.0.40219.1
Project("{FAE04EC0-301F-11D3-BF4B-00C04F79EFBC}") = "Projeto1_RESTFulCSharp", "Projeto1_RESTFulCSharp\Projeto1_RESTFulCSharp.csproj", "{F3BF9E03-D80D-46F2-92D3-6F29790AE597}"
EndProject
Project("{FAE04EC0-301F-11D3-BF4B-00C04F79EFBC}") = "ProjetoCliente", "ProjetoCliente\ProjetoCliente.csproj", "{B76796D0-3E8A-4EAA-9648-56902F139022}"
EndProject
Global
	GlobalSection(SolutionConfigurationPlatforms) = preSolution
		Debug|Any CPU = Debug|Any CPU
		Release|Any CPU = Release|Any CPU
	EndGlobalSection
	GlobalSection(ProjectConfigurationPlatforms) = postSolution
		{F3BF9E03-D80D-46F2-92D3-6F29790AE597}.Debug|Any CPU.ActiveCfg = Debug|Any CPU
		{F3BF9E03-D80D-46F2-92D3-6F29790AE597}.Debug|Any CPU.Build.0 = Debug|Any CPU
		{F3BF9E03-D80D-46F2-92D3-6F29790AE597}.Release|Any CPU.ActiveCfg = Release|Any CPU
		{F3BF9E03-D80D-46F2-92D3-6F29790AE597}.Release|Any CPU.Build.0 = Release|Any CPU
		{B76796D0-3E8A-4EAA-9648-56902F139022}.Debug|Any CPU.ActiveCfg = Debug|Any CPU
		{B76796D0-3E8A-4EAA-9648-56902F139022}.Debug|Any CPU.Build.0 = Debug|Any CPU
		{B76796D0-3E8A-4EAA-9648-56902F139022}.Release|Any CPU.ActiveCfg = Release|Any CPU
		{B76796D0-3E8A-4EAA-9648-56902F139022}.Release|Any CPU.Build.0 = Release|Any CPU
	EndGlobalSection
	GlobalSection(SolutionProperties) = preSolution
		HideSolutionNode = FALSE
	EndGlobalSection
	GlobalSection(ExtensibilityGlobals) = postSolution
		SolutionGuid = {03646057-EE0A-4BE1-AB4C-109581DC8CE4}
	EndGlobalSection
EndGlobal
